
Microsoft Visual Studio Solution File, Format Version 12.00
# Visual Studio 15
VisualStudioVersion = 15.0.26228.9
MinimumVisualStudioVersion = 10.0.40219.1
Project("{FAE04EC0-301F-11D3-BF4B-00C04F79EFBC}") = "BudgetManager", "BudgetManager\BudgetManager.csproj", "{EEEC743C-07A1-46B2-87FF-84EE0AADEBC2}"
EndProject
Project("{FAE04EC0-301F-11D3-BF4B-00C04F79EFBC}") = "UnitTests", "UnitTests\UnitTests.csproj", "{7DDD1174-F078-4690-9385-EC9C98D3ABC0}"
EndProject
Project("{2150E333-8FDC-42A3-9474-1A3956D46DE8}") = "Solution Items", "Solution Items", "{97D30415-8D1C-4857-9BB7-B7E81C6A020F}"
	ProjectSection(SolutionItems) = preProject
		.gitignore = .gitignore
		DatabaseSchema.sql = DatabaseSchema.sql
		README.md = README.md
	EndProjectSection
EndProject
Global
	GlobalSection(SolutionConfigurationPlatforms) = preSolution
		Debug|Any CPU = Debug|Any CPU
		Release|Any CPU = Release|Any CPU
	EndGlobalSection
	GlobalSection(ProjectConfigurationPlatforms) = postSolution
		{EEEC743C-07A1-46B2-87FF-84EE0AADEBC2}.Debug|Any CPU.ActiveCfg = Debug|Any CPU
		{EEEC743C-07A1-46B2-87FF-84EE0AADEBC2}.Debug|Any CPU.Build.0 = Debug|Any CPU
		{EEEC743C-07A1-46B2-87FF-84EE0AADEBC2}.Release|Any CPU.ActiveCfg = Release|Any CPU
		{EEEC743C-07A1-46B2-87FF-84EE0AADEBC2}.Release|Any CPU.Build.0 = Release|Any CPU
		{7DDD1174-F078-4690-9385-EC9C98D3ABC0}.Debug|Any CPU.ActiveCfg = Debug|Any CPU
		{7DDD1174-F078-4690-9385-EC9C98D3ABC0}.Debug|Any CPU.Build.0 = Debug|Any CPU
		{7DDD1174-F078-4690-9385-EC9C98D3ABC0}.Release|Any CPU.ActiveCfg = Release|Any CPU
		{7DDD1174-F078-4690-9385-EC9C98D3ABC0}.Release|Any CPU.Build.0 = Release|Any CPU
	EndGlobalSection
	GlobalSection(SolutionProperties) = preSolution
		HideSolutionNode = FALSE
	EndGlobalSection
EndGlobal
